# THIS IS AN AUTOGENERATED FILE. DO NOT EDIT THIS FILE DIRECTLY.
# yarn lockfile v1


"@babel/runtime@^7.1.2":
  version "7.4.4"
  resolved "https://registry.npm.taobao.org/@babel/runtime/download/@babel/runtime-7.4.4.tgz#dc2e34982eb236803aa27a07fea6857af1b9171d"
  integrity sha1-3C40mC6yNoA6onoH/qaFevG5Fx0=
  dependencies:
    regenerator-runtime "^0.13.2"

"@blueprintjs/core@^3.15.0", "@blueprintjs/core@^3.9.0":
  version "3.15.1"
  resolved "https://registry.npm.taobao.org/@blueprintjs/core/download/@blueprintjs/core-3.15.1.tgz#9792e9fb7e2e066dd5339fadeaf2f85b1485832a"
  integrity sha1-l5Lp+34uBm3VM5+t6vL4WxSFgyo=
  dependencies:
    "@blueprintjs/icons" "^3.8.0"
    "@types/dom4" "^2.0.1"
    classnames "^2.2"
    dom4 "^2.0.1"
    normalize.css "^8.0.0"
    popper.js "^1.14.1"
    react-popper "^1.0.0"
    react-transition-group "^2.2.1"
    resize-observer-polyfill "^1.5.0"
    tslib "^1.9.0"

"@blueprintjs/icons@^3.3.0", "@blueprintjs/icons@^3.8.0":
  version "3.8.0"
  resolved "https://registry.npm.taobao.org/@blueprintjs/icons/download/@blueprintjs/icons-3.8.0.tgz#7c77c67e4a241740f803f05e4f6e3ce43c6d6560"
  integrity sha1-fHfGfkokF0D4A/BeT2485DxtZWA=
  dependencies:
    classnames "^2.2"
    tslib "^1.9.0"

"@blueprintjs/select@^3.3.0":
  version "3.8.0"
  resolved "https://registry.npm.taobao.org/@blueprintjs/select/download/@blueprintjs/select-3.8.0.tgz#903cc9ab50da4cec08f559be27b7fa7f9f1560e5"
  integrity sha1-kDzJq1DaTOwI9Vm+J7f6f58VYOU=
  dependencies:
    "@blueprintjs/core" "^3.15.0"
    classnames "^2.2"
    tslib "^1.9.0"

"@jupyterlab/application@^1.0.0-alpha.6":
  version "1.0.0-alpha.6"
  resolved "https://registry.npm.taobao.org/@jupyterlab/application/download/@jupyterlab/application-1.0.0-alpha.6.tgz#0d7f3eca72b04ac374d7d13a7612d45c4bc907bd"
  integrity sha1-DX8+ynKwSsN019E6dhLUXEvJB70=
  dependencies:
    "@jupyterlab/apputils" "^1.0.0-alpha.6"
    "@jupyterlab/coreutils" "^3.0.0-alpha.6"
    "@jupyterlab/docregistry" "^1.0.0-alpha.6"
    "@jupyterlab/rendermime" "^1.0.0-alpha.6"
    "@jupyterlab/rendermime-interfaces" "^1.3.0-alpha.6"
    "@jupyterlab/services" "^4.0.0-alpha.6"
    "@phosphor/algorithm" "^1.1.2"
    "@phosphor/application" "^1.6.0"
    "@phosphor/commands" "^1.6.1"
    "@phosphor/coreutils" "^1.3.0"
    "@phosphor/disposable" "^1.1.2"
    "@phosphor/messaging" "^1.2.2"
    "@phosphor/properties" "^1.1.2"
    "@phosphor/signaling" "^1.2.2"
    "@phosphor/widgets" "^1.6.0"
    font-awesome "~4.7.0"

"@jupyterlab/apputils@^1.0.0-alpha.6":
  version "1.0.0-alpha.6"
  resolved "https://registry.npm.taobao.org/@jupyterlab/apputils/download/@jupyterlab/apputils-1.0.0-alpha.6.tgz#5faac3fc34f0cedd260436fcc9c7aad081d95234"
  integrity sha1-X6rD/DTwzt0mBDb8yceq0IHZUjQ=
  dependencies:
    "@jupyterlab/coreutils" "^3.0.0-alpha.6"
    "@jupyterlab/services" "^4.0.0-alpha.6"
    "@jupyterlab/ui-components" "^1.0.0-alpha.6"
    "@phosphor/algorithm" "^1.1.2"
    "@phosphor/commands" "^1.6.1"
    "@phosphor/coreutils" "^1.3.0"
    "@phosphor/disposable" "^1.1.2"
    "@phosphor/domutils" "^1.1.2"
    "@phosphor/messaging" "^1.2.2"
    "@phosphor/properties" "^1.1.2"
    "@phosphor/signaling" "^1.2.2"
    "@phosphor/virtualdom" "^1.1.2"
    "@phosphor/widgets" "^1.6.0"
    "@types/react" "~16.8.8"
    react "~16.8.4"
    react-dom "~16.8.4"
    sanitize-html "~1.18.2"

"@jupyterlab/codeeditor@^1.0.0-alpha.6":
  version "1.0.0-alpha.6"
  resolved "https://registry.npm.taobao.org/@jupyterlab/codeeditor/download/@jupyterlab/codeeditor-1.0.0-alpha.6.tgz#cce9ab668c9bc1d76587e095c3c3d9e9af0f3991"
  integrity sha1-zOmrZoybwddlh+CVw8PZ6a8POZE=
  dependencies:
    "@jupyterlab/coreutils" "^3.0.0-alpha.6"
    "@jupyterlab/observables" "^2.2.0-alpha.6"
    "@phosphor/coreutils" "^1.3.0"
    "@phosphor/disposable" "^1.1.2"
    "@phosphor/dragdrop" "^1.3.0"
    "@phosphor/messaging" "^1.2.2"
    "@phosphor/signaling" "^1.2.2"
    "@phosphor/widgets" "^1.6.0"

"@jupyterlab/codemirror@^1.0.0-alpha.6":
  version "1.0.0-alpha.6"
  resolved "https://registry.npm.taobao.org/@jupyterlab/codemirror/download/@jupyterlab/codemirror-1.0.0-alpha.6.tgz#2a9004c5ae2bfd68886135d68511dab1017477cc"
  integrity sha1-KpAExa4r/WiIYTXWhRHasQF0d8w=
  dependencies:
    "@jupyterlab/apputils" "^1.0.0-alpha.6"
    "@jupyterlab/codeeditor" "^1.0.0-alpha.6"
    "@jupyterlab/coreutils" "^3.0.0-alpha.6"
    "@jupyterlab/observables" "^2.2.0-alpha.6"
    "@jupyterlab/statusbar" "^1.0.0-alpha.6"
    "@phosphor/algorithm" "^1.1.2"
    "@phosphor/commands" "^1.6.1"
    "@phosphor/coreutils" "^1.3.0"
    "@phosphor/disposable" "^1.1.2"
    "@phosphor/signaling" "^1.2.2"
    "@phosphor/widgets" "^1.6.0"
    codemirror "~5.42.0"
    react "~16.8.4"

"@jupyterlab/coreutils@^3.0.0-alpha.6":
  version "3.0.0-alpha.6"
  resolved "https://registry.npm.taobao.org/@jupyterlab/coreutils/download/@jupyterlab/coreutils-3.0.0-alpha.6.tgz#b0ec4600d357fdeb3f8d93c559f6aa9e493066a7"
  integrity sha1-sOxGANNX/es/jZPFWfaqnkkwZqc=
  dependencies:
    "@phosphor/coreutils" "^1.3.0"
    "@phosphor/disposable" "^1.1.2"
    "@phosphor/signaling" "^1.2.2"
    ajv "^6.5.5"
    comment-json "^1.1.3"
    minimist "~1.2.0"
    moment "~2.21.0"
    path-posix "~1.0.0"
    url-parse "~1.4.3"

"@jupyterlab/docregistry@^1.0.0-alpha.6":
  version "1.0.0-alpha.6"
  resolved "https://registry.npm.taobao.org/@jupyterlab/docregistry/download/@jupyterlab/docregistry-1.0.0-alpha.6.tgz#7c70fd36151e5f3e84b5041a03b07e0b45e3fd44"
  integrity sha1-fHD9NhUeXz6EtQQaA7B+C0Xj/UQ=
  dependencies:
    "@jupyterlab/apputils" "^1.0.0-alpha.6"
    "@jupyterlab/codeeditor" "^1.0.0-alpha.6"
    "@jupyterlab/codemirror" "^1.0.0-alpha.6"
    "@jupyterlab/coreutils" "^3.0.0-alpha.6"
    "@jupyterlab/observables" "^2.2.0-alpha.6"
    "@jupyterlab/rendermime" "^1.0.0-alpha.6"
    "@jupyterlab/rendermime-interfaces" "^1.3.0-alpha.6"
    "@jupyterlab/services" "^4.0.0-alpha.6"
    "@phosphor/algorithm" "^1.1.2"
    "@phosphor/coreutils" "^1.3.0"
    "@phosphor/disposable" "^1.1.2"
    "@phosphor/messaging" "^1.2.2"
    "@phosphor/signaling" "^1.2.2"
    "@phosphor/widgets" "^1.6.0"

"@jupyterlab/observables@^2.2.0-alpha.6":
  version "2.2.0-alpha.6"
  resolved "https://registry.npm.taobao.org/@jupyterlab/observables/download/@jupyterlab/observables-2.2.0-alpha.6.tgz#58d5d8aeb75fac878874cdaa59501d1496b6ddde"
  integrity sha1-WNXYrrdfrIeIdM2qWVAdFJa23d4=
  dependencies:
    "@phosphor/algorithm" "^1.1.2"
    "@phosphor/coreutils" "^1.3.0"
    "@phosphor/disposable" "^1.1.2"
    "@phosphor/messaging" "^1.2.2"
    "@phosphor/signaling" "^1.2.2"

"@jupyterlab/rendermime-interfaces@^1.3.0-alpha.6":
  version "1.3.0-alpha.6"
  resolved "https://registry.npm.taobao.org/@jupyterlab/rendermime-interfaces/download/@jupyterlab/rendermime-interfaces-1.3.0-alpha.6.tgz#479fca4c33f7b2057fb8b1207b8b7484c35b6e19"
  integrity sha1-R5/KTDP3sgV/uLEge4t0hMNbbhk=
  dependencies:
    "@phosphor/coreutils" "^1.3.0"
    "@phosphor/widgets" "^1.6.0"

"@jupyterlab/rendermime@^1.0.0-alpha.6":
  version "1.0.0-alpha.6"
  resolved "https://registry.npm.taobao.org/@jupyterlab/rendermime/download/@jupyterlab/rendermime-1.0.0-alpha.6.tgz#dc90fd46032c0b9725d18854d4a1df03987b6631"
  integrity sha1-3JD9RgMsC5cl0YhU1KHfA5h7ZjE=
  dependencies:
    "@jupyterlab/apputils" "^1.0.0-alpha.6"
    "@jupyterlab/codemirror" "^1.0.0-alpha.6"
    "@jupyterlab/coreutils" "^3.0.0-alpha.6"
    "@jupyterlab/observables" "^2.2.0-alpha.6"
    "@jupyterlab/rendermime-interfaces" "^1.3.0-alpha.6"
    "@jupyterlab/services" "^4.0.0-alpha.6"
    "@phosphor/algorithm" "^1.1.2"
    "@phosphor/coreutils" "^1.3.0"
    "@phosphor/messaging" "^1.2.2"
    "@phosphor/signaling" "^1.2.2"
    "@phosphor/widgets" "^1.6.0"
    lodash.escape "^4.0.1"
    marked "0.5.1"

"@jupyterlab/services@^4.0.0-alpha.6":
  version "4.0.0-alpha.6"
  resolved "https://registry.npm.taobao.org/@jupyterlab/services/download/@jupyterlab/services-4.0.0-alpha.6.tgz#cb51f0abf62a600949fe180cbcbb10c65edac6f5"
  integrity sha1-y1Hwq/YqYAlJ/hgMvLsQxl7axvU=
  dependencies:
    "@jupyterlab/coreutils" "^3.0.0-alpha.6"
    "@jupyterlab/observables" "^2.2.0-alpha.6"
    "@phosphor/algorithm" "^1.1.2"
    "@phosphor/coreutils" "^1.3.0"
    "@phosphor/disposable" "^1.1.2"
    "@phosphor/signaling" "^1.2.2"
    node-fetch "~2.2.0"
    ws "~6.0.0"

"@jupyterlab/statusbar@^1.0.0-alpha.6":
  version "1.0.0-alpha.6"
  resolved "https://registry.npm.taobao.org/@jupyterlab/statusbar/download/@jupyterlab/statusbar-1.0.0-alpha.6.tgz#3ed41fa6d4dc1c8696c909c2998cdd906ea872fb"
  integrity sha1-PtQfptTcHIaWyQnCmYzdkG6ocvs=
  dependencies:
    "@jupyterlab/apputils" "^1.0.0-alpha.6"
    "@jupyterlab/codeeditor" "^1.0.0-alpha.6"
    "@jupyterlab/coreutils" "^3.0.0-alpha.6"
    "@jupyterlab/services" "^4.0.0-alpha.6"
    "@phosphor/algorithm" "^1.1.2"
    "@phosphor/coreutils" "^1.3.0"
    "@phosphor/disposable" "^1.1.2"
    "@phosphor/messaging" "^1.2.2"
    "@phosphor/signaling" "^1.2.2"
    "@phosphor/widgets" "^1.6.0"
    react "~16.8.4"
    typestyle "^2.0.1"

"@jupyterlab/ui-components@^1.0.0-alpha.6":
  version "1.0.0-alpha.6"
  resolved "https://registry.npm.taobao.org/@jupyterlab/ui-components/download/@jupyterlab/ui-components-1.0.0-alpha.6.tgz#d44fc6689280d777acffdb73c8e54135fef88963"
  integrity sha1-1E/GaJKA13es/9tzyOVBNf74iWM=
  dependencies:
    "@blueprintjs/core" "^3.9.0"
    "@blueprintjs/icons" "^3.3.0"
    "@blueprintjs/select" "^3.3.0"
    react "~16.8.4"

"@phosphor/algorithm@^1.1.2":
  version "1.1.2"
  resolved "https://registry.npm.taobao.org/@phosphor/algorithm/download/@phosphor/algorithm-1.1.2.tgz#fd1de9104c9a7f34e92864586ddf2e7f2e7779e8"
  integrity sha1-/R3pEEyafzTpKGRYbd8ufy53eeg=

"@phosphor/application@^1.6.0":
  version "1.6.0"
  resolved "https://registry.npm.taobao.org/@phosphor/application/download/@phosphor/application-1.6.0.tgz#e1f1bf300680f982881d222a77b24ba8589d3fa2"
  integrity sha1-4fG/MAaA+YKIHSIqd7JLqFidP6I=
  dependencies:
    "@phosphor/commands" "^1.5.0"
    "@phosphor/coreutils" "^1.3.0"
    "@phosphor/widgets" "^1.6.0"

"@phosphor/collections@^1.1.2":
  version "1.1.2"
  resolved "https://registry.npm.taobao.org/@phosphor/collections/download/@phosphor/collections-1.1.2.tgz#c4c0b8b91129905fb36a9f243f2dbbde462dab8d"
  integrity sha1-xMC4uREpkF+zap8kPy273kYtq40=
  dependencies:
    "@phosphor/algorithm" "^1.1.2"

"@phosphor/commands@^1.5.0", "@phosphor/commands@^1.6.1":
  version "1.6.1"
  resolved "https://registry.npm.taobao.org/@phosphor/commands/download/@phosphor/commands-1.6.1.tgz#6f60c2a3b759316cd1363b426df3b4036bb2c7fd"
  integrity sha1-b2DCo7dZMWzRNjtCbfO0A2uyx/0=
  dependencies:
    "@phosphor/algorithm" "^1.1.2"
    "@phosphor/coreutils" "^1.3.0"
    "@phosphor/disposable" "^1.1.2"
    "@phosphor/domutils" "^1.1.2"
    "@phosphor/keyboard" "^1.1.2"
    "@phosphor/signaling" "^1.2.2"

"@phosphor/coreutils@^1.3.0":
  version "1.3.0"
  resolved "https://registry.npm.taobao.org/@phosphor/coreutils/download/@phosphor/coreutils-1.3.0.tgz#63292d381c012c5ab0d0196e83ced829b7e04a42"
  integrity sha1-YyktOBwBLFqw0Blug87YKbfgSkI=

"@phosphor/disposable@^1.1.2":
  version "1.1.2"
  resolved "https://registry.npm.taobao.org/@phosphor/disposable/download/@phosphor/disposable-1.1.2.tgz#a192dd6a2e6c69d5d09d39ecf334dab93778060e"
  integrity sha1-oZLdai5sadXQnTns8zTauTd4Bg4=
  dependencies:
    "@phosphor/algorithm" "^1.1.2"

"@phosphor/domutils@^1.1.2":
  version "1.1.2"
  resolved "https://registry.npm.taobao.org/@phosphor/domutils/download/@phosphor/domutils-1.1.2.tgz#e2efeb052f398c42b93b89e9bab26af15cc00514"
  integrity sha1-4u/rBS85jEK5O4npurJq8VzABRQ=

"@phosphor/dragdrop@^1.3.0":
  version "1.3.0"
  resolved "https://registry.npm.taobao.org/@phosphor/dragdrop/download/@phosphor/dragdrop-1.3.0.tgz#7ce6ad39d6ca216d62a56f78104d02a77ae67307"
  integrity sha1-fOatOdbKIW1ipW94EE0Cp3rmcwc=
  dependencies:
    "@phosphor/coreutils" "^1.3.0"
    "@phosphor/disposable" "^1.1.2"

"@phosphor/keyboard@^1.1.2":
  version "1.1.2"
  resolved "https://registry.npm.taobao.org/@phosphor/keyboard/download/@phosphor/keyboard-1.1.2.tgz#3e32234451764240a98e148034d5a8797422dd1f"
  integrity sha1-PjIjRFF2QkCpjhSANNWoeXQi3R8=

"@phosphor/messaging@^1.2.2":
  version "1.2.2"
  resolved "https://registry.npm.taobao.org/@phosphor/messaging/download/@phosphor/messaging-1.2.2.tgz#7d896ddd3797b94a347708ded13da5783db75c14"
  integrity sha1-fYlt3TeXuUo0dwje0T2leD23XBQ=
  dependencies:
    "@phosphor/algorithm" "^1.1.2"
    "@phosphor/collections" "^1.1.2"

"@phosphor/properties@^1.1.2":
  version "1.1.2"
  resolved "https://registry.npm.taobao.org/@phosphor/properties/download/@phosphor/properties-1.1.2.tgz#78cc77eff452839da02255de48e814946cc09a28"
  integrity sha1-eMx37/RSg52gIlXeSOgUlGzAmig=

"@phosphor/signaling@^1.2.2":
  version "1.2.2"
  resolved "https://registry.npm.taobao.org/@phosphor/signaling/download/@phosphor/signaling-1.2.2.tgz#3fcf97ca88e38bfb357fe8fe6bf7513347a514a9"
  integrity sha1-P8+Xyojji/s1f+j+a/dRM0elFKk=
  dependencies:
    "@phosphor/algorithm" "^1.1.2"

"@phosphor/virtualdom@^1.1.2":
  version "1.1.2"
  resolved "https://registry.npm.taobao.org/@phosphor/virtualdom/download/@phosphor/virtualdom-1.1.2.tgz#ce55c86eef31e5d0e26b1dc96ea32bd684458f41"
  integrity sha1-zlXIbu8x5dDiax3JbqMr1oRFj0E=
  dependencies:
    "@phosphor/algorithm" "^1.1.2"

"@phosphor/widgets@^1.6.0":
  version "1.6.0"
  resolved "https://registry.npm.taobao.org/@phosphor/widgets/download/@phosphor/widgets-1.6.0.tgz#ebba8008b6b13247d03e73e5f3872c90d2c9c78f"
  integrity sha1-67qACLaxMkfQPnPl84cskNLJx48=
  dependencies:
    "@phosphor/algorithm" "^1.1.2"
    "@phosphor/commands" "^1.5.0"
    "@phosphor/coreutils" "^1.3.0"
    "@phosphor/disposable" "^1.1.2"
    "@phosphor/domutils" "^1.1.2"
    "@phosphor/dragdrop" "^1.3.0"
    "@phosphor/keyboard" "^1.1.2"
    "@phosphor/messaging" "^1.2.2"
    "@phosphor/properties" "^1.1.2"
    "@phosphor/signaling" "^1.2.2"
    "@phosphor/virtualdom" "^1.1.2"

"@types/dom4@^2.0.1":
  version "2.0.1"
  resolved "https://registry.npm.taobao.org/@types/dom4/download/@types/dom4-2.0.1.tgz#506d5781b9bcab81bd9a878b198aec7dee2a6033"
  integrity sha1-UG1Xgbm8q4G9moeLGYrsfe4qYDM=

"@types/prop-types@*":
  version "15.7.1"
  resolved "https://registry.npm.taobao.org/@types/prop-types/download/@types/prop-types-15.7.1.tgz#f1a11e7babb0c3cad68100be381d1e064c68f1f6"
  integrity sha1-8aEee6uww8rWgQC+OB0eBkxo8fY=

"@types/react@~16.8.8":
  version "16.8.16"
  resolved "https://registry.npm.taobao.org/@types/react/download/@types/react-16.8.16.tgz#2bf980b4fb29cceeb01b2c139b3e185e57d3e08e"
  integrity sha1-K/mAtPspzO6wGywTmz4YXlfT4I4=
  dependencies:
    "@types/prop-types" "*"
    csstype "^2.2.0"

ajv@^6.5.5:
  version "6.10.0"
  resolved "https://registry.npm.taobao.org/ajv/download/ajv-6.10.0.tgz#90d0d54439da587cd7e843bfb7045f50bd22bdf1"
  integrity sha1-kNDVRDnaWHzX6EO/twRfUL0ivfE=
  dependencies:
    fast-deep-equal "^2.0.1"
    fast-json-stable-stringify "^2.0.0"
    json-schema-traverse "^0.4.1"
    uri-js "^4.2.2"

ansi-styles@^3.2.1:
  version "3.2.1"
  resolved "https://registry.npm.taobao.org/ansi-styles/download/ansi-styles-3.2.1.tgz#41fbb20243e50b12be0f04b8dedbf07520ce841d"
  integrity sha1-QfuyAkPlCxK+DwS43tvwdSDOhB0=
  dependencies:
    color-convert "^1.9.0"

array-uniq@^1.0.2:
  version "1.0.3"
  resolved "https://registry.npm.taobao.org/array-uniq/download/array-uniq-1.0.3.tgz#af6ac877a25cc7f74e058894753858dfdb24fdb6"
  integrity sha1-r2rId6Jcx/dOBYiUdThY39sk/bY=

asap@~2.0.3:
  version "2.0.6"
  resolved "https://registry.npm.taobao.org/asap/download/asap-2.0.6.tgz#e50347611d7e690943208bbdafebcbc2fb866d46"
  integrity sha1-5QNHYR1+aQlDIIu9r+vLwvuGbUY=

async-limiter@~1.0.0:
  version "1.0.0"
  resolved "https://registry.npm.taobao.org/async-limiter/download/async-limiter-1.0.0.tgz#78faed8c3d074ab81f22b4e985d79e8738f720f8"
  integrity sha1-ePrtjD0HSrgfIrTphdeehzj3IPg=

balanced-match@^1.0.0:
  version "1.0.0"
  resolved "https://registry.npm.taobao.org/balanced-match/download/balanced-match-1.0.0.tgz#89b4d199ab2bee49de164ea02b89ce462d71b767"
  integrity sha1-ibTRmasr7kneFk6gK4nORi1xt2c=

brace-expansion@^1.1.7:
  version "1.1.11"
  resolved "https://registry.npm.taobao.org/brace-expansion/download/brace-expansion-1.1.11.tgz#3c7fcbf529d87226f3d2f52b966ff5271eb441dd"
  integrity sha1-PH/L9SnYcibz0vUrlm/1Jx60Qd0=
  dependencies:
    balanced-match "^1.0.0"
    concat-map "0.0.1"

chalk@^2.3.0, chalk@^2.4.1:
  version "2.4.2"
  resolved "https://registry.npm.taobao.org/chalk/download/chalk-2.4.2.tgz?cache=0&other_urls=https%3A%2F%2Fregistry.npm.taobao.org%2Fchalk%2Fdownload%2Fchalk-2.4.2.tgz#cd42541677a54333cf541a49108c1432b44c9424"
  integrity sha1-zUJUFnelQzPPVBpJEIwUMrRMlCQ=
  dependencies:
    ansi-styles "^3.2.1"
    escape-string-regexp "^1.0.5"
    supports-color "^5.3.0"

classnames@^2.2:
  version "2.2.6"
  resolved "https://registry.npm.taobao.org/classnames/download/classnames-2.2.6.tgz#43935bffdd291f326dad0a205309b38d00f650ce"
  integrity sha1-Q5Nb/90pHzJtrQogUwmzjQD2UM4=

codemirror@~5.42.0:
  version "5.42.2"
  resolved "https://registry.npm.taobao.org/codemirror/download/codemirror-5.42.2.tgz#801ab715a7a7e1c7ed4162b78e9d8138b98de8f0"
  integrity sha1-gBq3Faen4cftQWK3jp2BOLmN6PA=

color-convert@^1.9.0:
  version "1.9.3"
  resolved "https://registry.npm.taobao.org/color-convert/download/color-convert-1.9.3.tgz#bb71850690e1f136567de629d2d5471deda4c1e8"
  integrity sha1-u3GFBpDh8TZWfeYp0tVHHe2kweg=
  dependencies:
    color-name "1.1.3"

color-name@1.1.3:
  version "1.1.3"
  resolved "https://registry.npm.taobao.org/color-name/download/color-name-1.1.3.tgz#a7d0558bd89c42f795dd42328f740831ca53bc25"
  integrity sha1-p9BVi9icQveV3UIyj3QIMcpTvCU=

comment-json@^1.1.3:
  version "1.1.3"
  resolved "https://registry.npm.taobao.org/comment-json/download/comment-json-1.1.3.tgz#6986c3330fee0c4c9e00c2398cd61afa5d8f239e"
  integrity sha1-aYbDMw/uDEyeAMI5jNYa+l2PI54=
  dependencies:
    json-parser "^1.0.0"

concat-map@0.0.1:
  version "0.0.1"
  resolved "https://registry.npm.taobao.org/concat-map/download/concat-map-0.0.1.tgz#d8a96bd77fd68df7793a73036a3ba0d5405d477b"
  integrity sha1-2Klr13/Wjfd5OnMDajug1UBdR3s=

core-js@^1.0.0:
  version "1.2.7"
  resolved "https://registry.npm.taobao.org/core-js/download/core-js-1.2.7.tgz?cache=0&other_urls=https%3A%2F%2Fregistry.npm.taobao.org%2Fcore-js%2Fdownload%2Fcore-js-1.2.7.tgz#652294c14651db28fa93bd2d5ff2983a4f08c636"
  integrity sha1-ZSKUwUZR2yj6k70tX/KYOk8IxjY=

create-react-context@<=0.2.2:
  version "0.2.2"
  resolved "https://registry.npm.taobao.org/create-react-context/download/create-react-context-0.2.2.tgz#9836542f9aaa22868cd7d4a6f82667df38019dca"
  integrity sha1-mDZUL5qqIoaM19Sm+CZn3zgBnco=
  dependencies:
    fbjs "^0.8.0"
    gud "^1.0.0"

csstype@^2.2.0, csstype@^2.4.0:
  version "2.6.4"
  resolved "https://registry.npm.taobao.org/csstype/download/csstype-2.6.4.tgz#d585a6062096e324e7187f80e04f92bd0f00e37f"
  integrity sha1-1YWmBiCW4yTnGH+A4E+SvQ8A438=

dom-helpers@^3.4.0:
  version "3.4.0"
  resolved "https://registry.npm.taobao.org/dom-helpers/download/dom-helpers-3.4.0.tgz#e9b369700f959f62ecde5a6babde4bccd9169af8"
  integrity sha1-6bNpcA+Vn2Ls3lprq95LzNkWmvg=
  dependencies:
    "@babel/runtime" "^7.1.2"

dom-serializer@0:
  version "0.1.1"
  resolved "https://registry.npm.taobao.org/dom-serializer/download/dom-serializer-0.1.1.tgz#1ec4059e284babed36eec2941d4a970a189ce7c0"
  integrity sha1-HsQFnihLq+027sKUHUqXChic58A=
  dependencies:
    domelementtype "^1.3.0"
    entities "^1.1.1"

dom4@^2.0.1:
  version "2.1.4"
  resolved "https://registry.npm.taobao.org/dom4/download/dom4-2.1.4.tgz#400a42cba4719a3e2eced93eff7738831d2746f6"
  integrity sha1-QApCy6Rxmj4uztk+/3c4gx0nRvY=

domelementtype@1, domelementtype@^1.3.0, domelementtype@^1.3.1:
  version "1.3.1"
  resolved "https://registry.npm.taobao.org/domelementtype/download/domelementtype-1.3.1.tgz#d048c44b37b0d10a7f2a3d5fee3f4333d790481f"
  integrity sha1-0EjESzew0Qp/Kj1f7j9DM9eQSB8=

domhandler@^2.3.0:
  version "2.4.2"
  resolved "https://registry.npm.taobao.org/domhandler/download/domhandler-2.4.2.tgz#8805097e933d65e85546f726d60f5eb88b44f803"
  integrity sha1-iAUJfpM9ZehVRvcm1g9euItE+AM=
  dependencies:
    domelementtype "1"

domutils@^1.5.1:
  version "1.7.0"
  resolved "https://registry.npm.taobao.org/domutils/download/domutils-1.7.0.tgz#56ea341e834e06e6748af7a1cb25da67ea9f8c2a"
  integrity sha1-Vuo0HoNOBuZ0ivehyyXaZ+qfjCo=
  dependencies:
    dom-serializer "0"
    domelementtype "1"

encoding@^0.1.11:
  version "0.1.12"
  resolved "https://registry.npm.taobao.org/encoding/download/encoding-0.1.12.tgz#538b66f3ee62cd1ab51ec323829d1f9480c74beb"
  integrity sha1-U4tm8+5izRq1HsMjgp0flIDHS+s=
  dependencies:
    iconv-lite "~0.4.13"

entities@^1.1.1:
  version "1.1.2"
  resolved "https://registry.npm.taobao.org/entities/download/entities-1.1.2.tgz#bdfa735299664dfafd34529ed4f8522a275fea56"
  integrity sha1-vfpzUplmTfr9NFKe1PhSKidf6lY=

escape-string-regexp@^1.0.5:
  version "1.0.5"
  resolved "https://registry.npm.taobao.org/escape-string-regexp/download/escape-string-regexp-1.0.5.tgz#1b61c0562190a8dff6ae3bb2cf0200ca130b86d4"
  integrity sha1-G2HAViGQqN/2rjuyzwIAyhMLhtQ=

esprima@^2.7.0:
  version "2.7.3"
  resolved "https://registry.npm.taobao.org/esprima/download/esprima-2.7.3.tgz#96e3b70d5779f6ad49cd032673d1c312767ba581"
  integrity sha1-luO3DVd59q1JzQMmc9HDEnZ7pYE=

fast-deep-equal@^2.0.1:
  version "2.0.1"
  resolved "https://registry.npm.taobao.org/fast-deep-equal/download/fast-deep-equal-2.0.1.tgz#7b05218ddf9667bf7f370bf7fdb2cb15fdd0aa49"
  integrity sha1-ewUhjd+WZ79/Nwv3/bLLFf3Qqkk=

fast-json-stable-stringify@^2.0.0:
  version "2.0.0"
  resolved "https://registry.npm.taobao.org/fast-json-stable-stringify/download/fast-json-stable-stringify-2.0.0.tgz#d5142c0caee6b1189f87d3a76111064f86c8bbf2"
  integrity sha1-1RQsDK7msRifh9OnYREGT4bIu/I=

fbjs@^0.8.0:
  version "0.8.17"
  resolved "https://registry.npm.taobao.org/fbjs/download/fbjs-0.8.17.tgz#c4d598ead6949112653d6588b01a5cdcd9f90fdd"
  integrity sha1-xNWY6taUkRJlPWWIsBpc3Nn5D90=
  dependencies:
    core-js "^1.0.0"
    isomorphic-fetch "^2.1.1"
    loose-envify "^1.0.0"
    object-assign "^4.1.0"
    promise "^7.1.1"
    setimmediate "^1.0.5"
    ua-parser-js "^0.7.18"

font-awesome@~4.7.0:
  version "4.7.0"
  resolved "https://registry.npm.taobao.org/font-awesome/download/font-awesome-4.7.0.tgz#8fa8cf0411a1a31afd07b06d2902bb9fc815a133"
  integrity sha1-j6jPBBGhoxr9B7BtKQK7n8gVoTM=

free-style@2.5.1:
  version "2.5.1"
  resolved "https://registry.npm.taobao.org/free-style/download/free-style-2.5.1.tgz#5e3f684c470d3bba7e4dbb43524e0a08917e873c"
  integrity sha1-Xj9oTEcNO7p+TbtDUk4KCJF+hzw=

fs.realpath@^1.0.0:
  version "1.0.0"
  resolved "https://registry.npm.taobao.org/fs.realpath/download/fs.realpath-1.0.0.tgz#1504ad2523158caa40db4a2787cb01411994ea4f"
  integrity sha1-FQStJSMVjKpA20onh8sBQRmU6k8=

glob@^7.1.3:
  version "7.1.3"
  resolved "https://registry.npm.taobao.org/glob/download/glob-7.1.3.tgz?cache=0&other_urls=https%3A%2F%2Fregistry.npm.taobao.org%2Fglob%2Fdownload%2Fglob-7.1.3.tgz#3960832d3f1574108342dafd3a67b332c0969df1"
  integrity sha1-OWCDLT8VdBCDQtr9OmezMsCWnfE=
  dependencies:
    fs.realpath "^1.0.0"
    inflight "^1.0.4"
    inherits "2"
    minimatch "^3.0.4"
    once "^1.3.0"
    path-is-absolute "^1.0.0"

gud@^1.0.0:
  version "1.0.0"
  resolved "https://registry.npm.taobao.org/gud/download/gud-1.0.0.tgz#a489581b17e6a70beca9abe3ae57de7a499852c0"
  integrity sha1-pIlYGxfmpwvsqavjrlfeekmYUsA=

has-flag@^3.0.0:
  version "3.0.0"
  resolved "https://registry.npm.taobao.org/has-flag/download/has-flag-3.0.0.tgz#b5d454dc2199ae225699f3467e5a07f3b955bafd"
  integrity sha1-tdRU3CGZriJWmfNGfloH87lVuv0=

htmlparser2@^3.9.0:
  version "3.10.1"
  resolved "https://registry.npm.taobao.org/htmlparser2/download/htmlparser2-3.10.1.tgz#bd679dc3f59897b6a34bb10749c855bb53a9392f"
  integrity sha1-vWedw/WYl7ajS7EHSchVu1OpOS8=
  dependencies:
    domelementtype "^1.3.1"
    domhandler "^2.3.0"
    domutils "^1.5.1"
    entities "^1.1.1"
    inherits "^2.0.1"
    readable-stream "^3.1.1"

iconv-lite@~0.4.13:
  version "0.4.24"
  resolved "https://registry.npm.taobao.org/iconv-lite/download/iconv-lite-0.4.24.tgz#2022b4b25fbddc21d2f524974a474aafe733908b"
  integrity sha1-ICK0sl+93CHS9SSXSkdKr+czkIs=
  dependencies:
    safer-buffer ">= 2.1.2 < 3"

inflight@^1.0.4:
  version "1.0.6"
  resolved "https://registry.npm.taobao.org/inflight/download/inflight-1.0.6.tgz#49bd6331d7d02d0c09bc910a1075ba8165b56df9"
  integrity sha1-Sb1jMdfQLQwJvJEKEHW6gWW1bfk=
  dependencies:
    once "^1.3.0"
    wrappy "1"

inherits@2, inherits@^2.0.1, inherits@^2.0.3:
  version "2.0.3"
  resolved "https://registry.npm.taobao.org/inherits/download/inherits-2.0.3.tgz#633c2c83e3da42a502f52466022480f4208261de"
  integrity sha1-Yzwsg+PaQqUC9SRmAiSA9CCCYd4=

is-stream@^1.0.1:
  version "1.1.0"
  resolved "https://registry.npm.taobao.org/is-stream/download/is-stream-1.1.0.tgz#12d4a3dd4e68e0b79ceb8dbc84173ae80d91ca44"
  integrity sha1-EtSj3U5o4Lec6428hBc66A2RykQ=

isomorphic-fetch@^2.1.1:
  version "2.2.1"
  resolved "https://registry.npm.taobao.org/isomorphic-fetch/download/isomorphic-fetch-2.2.1.tgz#611ae1acf14f5e81f729507472819fe9733558a9"
  integrity sha1-YRrhrPFPXoH3KVB0coGf6XM1WKk=
  dependencies:
    node-fetch "^1.0.1"
    whatwg-fetch ">=0.10.0"

"js-tokens@^3.0.0 || ^4.0.0":
  version "4.0.0"
  resolved "https://registry.npm.taobao.org/js-tokens/download/js-tokens-4.0.0.tgz#19203fb59991df98e3a287050d4647cdeaf32499"
  integrity sha1-GSA/tZmR35jjoocFDUZHzerzJJk=

json-parser@^1.0.0:
  version "1.1.5"
  resolved "https://registry.npm.taobao.org/json-parser/download/json-parser-1.1.5.tgz#e62ec5261d1a6a5fc20e812a320740c6d9005677"
  integrity sha1-5i7FJh0aal/CDoEqMgdAxtkAVnc=
  dependencies:
    esprima "^2.7.0"

json-schema-traverse@^0.4.1:
  version "0.4.1"
  resolved "https://registry.npm.taobao.org/json-schema-traverse/download/json-schema-traverse-0.4.1.tgz#69f6a87d9513ab8bb8fe63bdb0979c448e684660"
  integrity sha1-afaofZUTq4u4/mO9sJecRI5oRmA=

lodash.clonedeep@^4.5.0:
  version "4.5.0"
  resolved "https://registry.npm.taobao.org/lodash.clonedeep/download/lodash.clonedeep-4.5.0.tgz#e23f3f9c4f8fbdde872529c1071857a086e5ccef"
  integrity sha1-4j8/nE+Pvd6HJSnBBxhXoIblzO8=

lodash.escape@^4.0.1:
  version "4.0.1"
  resolved "https://registry.npm.taobao.org/lodash.escape/download/lodash.escape-4.0.1.tgz#c9044690c21e04294beaa517712fded1fa88de98"
  integrity sha1-yQRGkMIeBClL6qUXcS/e0fqI3pg=

lodash.escaperegexp@^4.1.2:
  version "4.1.2"
  resolved "https://registry.npm.taobao.org/lodash.escaperegexp/download/lodash.escaperegexp-4.1.2.tgz#64762c48618082518ac3df4ccf5d5886dae20347"
  integrity sha1-ZHYsSGGAglGKw99Mz11YhtriA0c=

lodash.isplainobject@^4.0.6:
  version "4.0.6"
  resolved "https://registry.npm.taobao.org/lodash.isplainobject/download/lodash.isplainobject-4.0.6.tgz#7c526a52d89b45c45cc690b88163be0497f550cb"
  integrity sha1-fFJqUtibRcRcxpC4gWO+BJf1UMs=

lodash.isstring@^4.0.1:
  version "4.0.1"
  resolved "https://registry.npm.taobao.org/lodash.isstring/download/lodash.isstring-4.0.1.tgz#d527dfb5456eca7cc9bb95d5daeaf88ba54a5451"
  integrity sha1-1SfftUVuynzJu5XV2ur4i6VKVFE=

lodash.mergewith@^4.6.0:
  version "4.6.1"
  resolved "https://registry.npm.taobao.org/lodash.mergewith/download/lodash.mergewith-4.6.1.tgz#639057e726c3afbdb3e7d42741caa8d6e4335927"
  integrity sha1-Y5BX5ybDr72z59QnQcqo1uQzWSc=

loose-envify@^1.0.0, loose-envify@^1.1.0, loose-envify@^1.4.0:
  version "1.4.0"
  resolved "https://registry.npm.taobao.org/loose-envify/download/loose-envify-1.4.0.tgz#71ee51fa7be4caec1a63839f7e682d8132d30caf"
  integrity sha1-ce5R+nvkyuwaY4OffmgtgTLTDK8=
  dependencies:
    js-tokens "^3.0.0 || ^4.0.0"

marked@0.5.1:
  version "0.5.1"
  resolved "https://registry.npm.taobao.org/marked/download/marked-0.5.1.tgz#062f43b88b02ee80901e8e8d8e6a620ddb3aa752"
  integrity sha1-Bi9DuIsC7oCQHo6NjmpiDds6p1I=

minimatch@^3.0.4:
  version "3.0.4"
  resolved "https://registry.npm.taobao.org/minimatch/download/minimatch-3.0.4.tgz#5166e286457f03306064be5497e8dbb0c3d32083"
  integrity sha1-UWbihkV/AzBgZL5Ul+jbsMPTIIM=
  dependencies:
    brace-expansion "^1.1.7"

minimist@~1.2.0:
  version "1.2.0"
  resolved "https://registry.npm.taobao.org/minimist/download/minimist-1.2.0.tgz#a35008b20f41383eec1fb914f4cd5df79a264284"
  integrity sha1-o1AIsg9BOD7sH7kU9M1d95omQoQ=

moment@~2.21.0:
  version "2.21.0"
  resolved "https://registry.npm.taobao.org/moment/download/moment-2.21.0.tgz?cache=0&other_urls=https%3A%2F%2Fregistry.npm.taobao.org%2Fmoment%2Fdownload%2Fmoment-2.21.0.tgz#2a114b51d2a6ec9e6d83cf803f838a878d8a023a"
  integrity sha1-KhFLUdKm7J5tg8+AP4OKh42KAjo=

node-fetch@^1.0.1:
  version "1.7.3"
  resolved "https://registry.npm.taobao.org/node-fetch/download/node-fetch-1.7.3.tgz#980f6f72d85211a5347c6b2bc18c5b84c3eb47ef"
  integrity sha1-mA9vcthSEaU0fGsrwYxbhMPrR+8=
  dependencies:
    encoding "^0.1.11"
    is-stream "^1.0.1"

node-fetch@~2.2.0:
  version "2.2.1"
  resolved "https://registry.npm.taobao.org/node-fetch/download/node-fetch-2.2.1.tgz#1fe551e0ded6c45b3b3b937d0fb46f76df718d1e"
  integrity sha1-H+VR4N7WxFs7O5N9D7Rvdt9xjR4=

normalize.css@^8.0.0:
  version "8.0.1"
  resolved "https://registry.npm.taobao.org/normalize.css/download/normalize.css-8.0.1.tgz#9b98a208738b9cc2634caacbc42d131c97487bf3"
  integrity sha1-m5iiCHOLnMJjTKrLxC0THJdIe/M=

number-is-nan@^1.0.0:
  version "1.0.1"
  resolved "https://registry.npm.taobao.org/number-is-nan/download/number-is-nan-1.0.1.tgz#097b602b53422a522c1afb8790318336941a011d"
  integrity sha1-CXtgK1NCKlIsGvuHkDGDNpQaAR0=

object-assign@^4.1.0, object-assign@^4.1.1:
  version "4.1.1"
  resolved "https://registry.npm.taobao.org/object-assign/download/object-assign-4.1.1.tgz#2109adc7965887cfc05cbbd442cac8bfbb360863"
  integrity sha1-IQmtx5ZYh8/AXLvUQsrIv7s2CGM=

once@^1.3.0:
  version "1.4.0"
  resolved "https://registry.npm.taobao.org/once/download/once-1.4.0.tgz#583b1aa775961d4b113ac17d9c50baef9dd76bd1"
  integrity sha1-WDsap3WWHUsROsF9nFC6753Xa9E=
  dependencies:
    wrappy "1"

path-is-absolute@^1.0.0:
  version "1.0.1"
  resolved "https://registry.npm.taobao.org/path-is-absolute/download/path-is-absolute-1.0.1.tgz#174b9268735534ffbc7ace6bf53a5a9e1b5c5f5f"
  integrity sha1-F0uSaHNVNP+8es5r9TpanhtcX18=

path-posix@~1.0.0:
  version "1.0.0"
  resolved "https://registry.npm.taobao.org/path-posix/download/path-posix-1.0.0.tgz#06b26113f56beab042545a23bfa88003ccac260f"
  integrity sha1-BrJhE/Vr6rBCVFojv6iAA8ysJg8=

popper.js@^1.14.1, popper.js@^1.14.4:
  version "1.15.0"
  resolved "https://registry.npm.taobao.org/popper.js/download/popper.js-1.15.0.tgz#5560b99bbad7647e9faa475c6b8056621f5a4ff2"
  integrity sha1-VWC5m7rXZH6fqkdca4BWYh9aT/I=

postcss@^6.0.14:
  version "6.0.23"
  resolved "https://registry.npm.taobao.org/postcss/download/postcss-6.0.23.tgz?cache=0&other_urls=https%3A%2F%2Fregistry.npm.taobao.org%2Fpostcss%2Fdownload%2Fpostcss-6.0.23.tgz#61c82cc328ac60e677645f979054eb98bc0e3324"
  integrity sha1-YcgswyisYOZ3ZF+XkFTrmLwOMyQ=
  dependencies:
    chalk "^2.4.1"
    source-map "^0.6.1"
    supports-color "^5.4.0"

promise@^7.1.1:
  version "7.3.1"
  resolved "https://registry.npm.taobao.org/promise/download/promise-7.3.1.tgz#064b72602b18f90f29192b8b1bc418ffd1ebd3bf"
  integrity sha1-BktyYCsY+Q8pGSuLG8QY/9Hr078=
  dependencies:
    asap "~2.0.3"

prop-types@^15.6.1, prop-types@^15.6.2:
  version "15.7.2"
  resolved "https://registry.npm.taobao.org/prop-types/download/prop-types-15.7.2.tgz#52c41e75b8c87e72b9d9360e0206b99dcbffa6c5"
  integrity sha1-UsQedbjIfnK52TYOAga5ncv/psU=
  dependencies:
    loose-envify "^1.4.0"
    object-assign "^4.1.1"
    react-is "^16.8.1"

punycode@^2.1.0:
  version "2.1.1"
  resolved "https://registry.npm.taobao.org/punycode/download/punycode-2.1.1.tgz#b58b010ac40c22c5657616c8d2c2c02c7bf479ec"
  integrity sha1-tYsBCsQMIsVldhbI0sLALHv0eew=

querystringify@^2.1.1:
  version "2.1.1"
  resolved "https://registry.npm.taobao.org/querystringify/download/querystringify-2.1.1.tgz#60e5a5fd64a7f8bfa4d2ab2ed6fdf4c85bad154e"
  integrity sha1-YOWl/WSn+L+k0qsu1v30yFutFU4=

react-dom@~16.8.4:
  version "16.8.6"
  resolved "https://registry.npm.taobao.org/react-dom/download/react-dom-16.8.6.tgz#71d6303f631e8b0097f56165ef608f051ff6e10f"
  integrity sha1-cdYwP2MeiwCX9WFl72CPBR/24Q8=
  dependencies:
    loose-envify "^1.1.0"
    object-assign "^4.1.1"
    prop-types "^15.6.2"
    scheduler "^0.13.6"

react-is@^16.8.1:
  version "16.8.6"
  resolved "https://registry.npm.taobao.org/react-is/download/react-is-16.8.6.tgz#5bbc1e2d29141c9fbdfed456343fe2bc430a6a16"
  integrity sha1-W7weLSkUHJ+9/tRWND/ivEMKahY=

react-lifecycles-compat@^3.0.4:
  version "3.0.4"
  resolved "https://registry.npm.taobao.org/react-lifecycles-compat/download/react-lifecycles-compat-3.0.4.tgz#4f1a273afdfc8f3488a8c516bfda78f872352362"
  integrity sha1-TxonOv38jzSIqMUWv9p4+HI1I2I=

react-popper@^1.0.0:
  version "1.3.3"
  resolved "https://registry.npm.taobao.org/react-popper/download/react-popper-1.3.3.tgz#2c6cef7515a991256b4f0536cd4bdcb58a7b6af6"
  integrity sha1-LGzvdRWpkSVrTwU2zUvctYp7avY=
  dependencies:
    "@babel/runtime" "^7.1.2"
    create-react-context "<=0.2.2"
    popper.js "^1.14.4"
    prop-types "^15.6.1"
    typed-styles "^0.0.7"
    warning "^4.0.2"

react-transition-group@^2.2.1:
  version "2.9.0"
  resolved "https://registry.npm.taobao.org/react-transition-group/download/react-transition-group-2.9.0.tgz#df9cdb025796211151a436c69a8f3b97b5b07c8d"
  integrity sha1-35zbAleWIRFRpDbGmo87l7WwfI0=
  dependencies:
    dom-helpers "^3.4.0"
    loose-envify "^1.4.0"
    prop-types "^15.6.2"
    react-lifecycles-compat "^3.0.4"

react@~16.8.4:
  version "16.8.6"
  resolved "https://registry.npm.taobao.org/react/download/react-16.8.6.tgz#ad6c3a9614fd3a4e9ef51117f54d888da01f2bbe"
  integrity sha1-rWw6lhT9Ok6e9REX9U2IjaAfK74=
  dependencies:
    loose-envify "^1.1.0"
    object-assign "^4.1.1"
    prop-types "^15.6.2"
    scheduler "^0.13.6"

readable-stream@^3.1.1:
  version "3.3.0"
  resolved "https://registry.npm.taobao.org/readable-stream/download/readable-stream-3.3.0.tgz#cb8011aad002eb717bf040291feba8569c986fb9"
  integrity sha1-y4ARqtAC63F78EApH+uoVpyYb7k=
  dependencies:
    inherits "^2.0.3"
    string_decoder "^1.1.1"
    util-deprecate "^1.0.1"

regenerator-runtime@^0.13.2:
  version "0.13.2"
  resolved "https://registry.npm.taobao.org/regenerator-runtime/download/regenerator-runtime-0.13.2.tgz#32e59c9a6fb9b1a4aff09b4930ca2d4477343447"
  integrity sha1-MuWcmm+5saSv8JtJMMotRHc0NEc=

requires-port@^1.0.0:
  version "1.0.0"
  resolved "https://registry.npm.taobao.org/requires-port/download/requires-port-1.0.0.tgz#925d2601d39ac485e091cf0da5c6e694dc3dcaff"
  integrity sha1-kl0mAdOaxIXgkc8NpcbmlNw9yv8=

resize-observer-polyfill@^1.5.0:
  version "1.5.1"
  resolved "https://registry.npm.taobao.org/resize-observer-polyfill/download/resize-observer-polyfill-1.5.1.tgz#0e9020dd3d21024458d4ebd27e23e40269810464"
  integrity sha1-DpAg3T0hAkRY1OvSfiPkAmmBBGQ=

rimraf@^2.6.1:
  version "2.6.3"
  resolved "https://registry.npm.taobao.org/rimraf/download/rimraf-2.6.3.tgz#b2d104fe0d8fb27cf9e0a1cda8262dd3833c6cab"
  integrity sha1-stEE/g2Psnz54KHNqCYt04M8bKs=
  dependencies:
    glob "^7.1.3"

safe-buffer@~5.1.0:
  version "5.1.2"
  resolved "https://registry.npm.taobao.org/safe-buffer/download/safe-buffer-5.1.2.tgz#991ec69d296e0313747d59bdfd2b745c35f8828d"
  integrity sha1-mR7GnSluAxN0fVm9/St0XDX4go0=

"safer-buffer@>= 2.1.2 < 3":
  version "2.1.2"
  resolved "https://registry.npm.taobao.org/safer-buffer/download/safer-buffer-2.1.2.tgz#44fa161b0187b9549dd84bb91802f9bd8385cd6a"
  integrity sha1-RPoWGwGHuVSd2Eu5GAL5vYOFzWo=

sanitize-html@~1.18.2:
  version "1.18.5"
  resolved "https://registry.npm.taobao.org/sanitize-html/download/sanitize-html-1.18.5.tgz#350013d95d17f851ef8b178dfd9ca155acf2d7a0"
  integrity sha1-NQAT2V0X+FHvixeN/ZyhVazy16A=
  dependencies:
    chalk "^2.3.0"
    htmlparser2 "^3.9.0"
    lodash.clonedeep "^4.5.0"
    lodash.escaperegexp "^4.1.2"
    lodash.isplainobject "^4.0.6"
    lodash.isstring "^4.0.1"
    lodash.mergewith "^4.6.0"
    postcss "^6.0.14"
    srcset "^1.0.0"
    xtend "^4.0.0"

scheduler@^0.13.6:
  version "0.13.6"
  resolved "https://registry.npm.taobao.org/scheduler/download/scheduler-0.13.6.tgz#466a4ec332467b31a91b9bf74e5347072e4cd889"
  integrity sha1-RmpOwzJGezGpG5v3TlNHBy5M2Ik=
  dependencies:
    loose-envify "^1.1.0"
    object-assign "^4.1.1"

setimmediate@^1.0.5:
  version "1.0.5"
  resolved "https://registry.npm.taobao.org/setimmediate/download/setimmediate-1.0.5.tgz#290cbb232e306942d7d7ea9b83732ab7856f8285"
  integrity sha1-KQy7Iy4waULX1+qbg3Mqt4VvgoU=

source-map@^0.6.1:
  version "0.6.1"
  resolved "https://registry.npm.taobao.org/source-map/download/source-map-0.6.1.tgz#74722af32e9614e9c287a8d0bbde48b5e2f1a263"
  integrity sha1-dHIq8y6WFOnCh6jQu95IteLxomM=

srcset@^1.0.0:
  version "1.0.0"
  resolved "https://registry.npm.taobao.org/srcset/download/srcset-1.0.0.tgz#a5669de12b42f3b1d5e83ed03c71046fc48f41ef"
  integrity sha1-pWad4StC87HV6D7QPHEEb8SPQe8=
  dependencies:
    array-uniq "^1.0.2"
    number-is-nan "^1.0.0"

string_decoder@^1.1.1:
  version "1.2.0"
  resolved "https://registry.npm.taobao.org/string_decoder/download/string_decoder-1.2.0.tgz#fe86e738b19544afe70469243b2a1ee9240eae8d"
  integrity sha1-/obnOLGVRK/nBGkkOyoe6SQOro0=
  dependencies:
    safe-buffer "~5.1.0"

supports-color@^5.3.0, supports-color@^5.4.0:
  version "5.5.0"
  resolved "https://registry.npm.taobao.org/supports-color/download/supports-color-5.5.0.tgz#e2e69a44ac8772f78a1ec0b35b689df6530efc8f"
  integrity sha1-4uaaRKyHcveKHsCzW2id9lMO/I8=
  dependencies:
    has-flag "^3.0.0"

tslib@^1.9.0:
  version "1.9.3"
  resolved "https://registry.npm.taobao.org/tslib/download/tslib-1.9.3.tgz#d7e4dd79245d85428c4d7e4822a79917954ca286"
  integrity sha1-1+TdeSRdhUKMTX5IIqeZF5VMooY=

typed-styles@^0.0.7:
  version "0.0.7"
  resolved "https://registry.npm.taobao.org/typed-styles/download/typed-styles-0.0.7.tgz#93392a008794c4595119ff62dde6809dbc40a3d9"
  integrity sha1-kzkqAIeUxFlRGf9i3eaAnbxAo9k=

typescript@~3.1.1:
  version "3.1.6"
  resolved "https://registry.npm.taobao.org/typescript/download/typescript-3.1.6.tgz#b6543a83cfc8c2befb3f4c8fba6896f5b0c9be68"
  integrity sha1-tlQ6g8/Iwr77P0yPumiW9bDJvmg=

typestyle@^2.0.1:
  version "2.0.2"
  resolved "https://registry.npm.taobao.org/typestyle/download/typestyle-2.0.2.tgz#e22f24f5d7e8506aa36b1fd3606824ac16291104"
  integrity sha1-4i8k9dfoUGqjax/TYGgkrBYpEQQ=
  dependencies:
    csstype "^2.4.0"
    free-style "2.5.1"

ua-parser-js@^0.7.18:
  version "0.7.19"
  resolved "https://registry.npm.taobao.org/ua-parser-js/download/ua-parser-js-0.7.19.tgz#94151be4c0a7fb1d001af7022fdaca4642659e4b"
  integrity sha1-lBUb5MCn+x0AGvcCL9rKRkJlnks=

uri-js@^4.2.2:
  version "4.2.2"
  resolved "https://registry.npm.taobao.org/uri-js/download/uri-js-4.2.2.tgz#94c540e1ff772956e2299507c010aea6c8838eb0"
  integrity sha1-lMVA4f93KVbiKZUHwBCupsiDjrA=
  dependencies:
    punycode "^2.1.0"

url-parse@~1.4.3:
  version "1.4.7"
  resolved "https://registry.npm.taobao.org/url-parse/download/url-parse-1.4.7.tgz#a8a83535e8c00a316e403a5db4ac1b9b853ae278"
  integrity sha1-qKg1NejACjFuQDpdtKwbm4U64ng=
  dependencies:
    querystringify "^2.1.1"
    requires-port "^1.0.0"

util-deprecate@^1.0.1:
  version "1.0.2"
  resolved "https://registry.npm.taobao.org/util-deprecate/download/util-deprecate-1.0.2.tgz#450d4dc9fa70de732762fbd2d4a28981419a0ccf"
  integrity sha1-RQ1Nyfpw3nMnYvvS1KKJgUGaDM8=

warning@^4.0.2:
  version "4.0.3"
  resolved "https://registry.npm.taobao.org/warning/download/warning-4.0.3.tgz#16e9e077eb8a86d6af7d64aa1e05fd85b4678ca3"
  integrity sha1-Fungd+uKhtavfWSqHgX9hbRnjKM=
  dependencies:
    loose-envify "^1.0.0"

whatwg-fetch@>=0.10.0:
  version "3.0.0"
  resolved "https://registry.npm.taobao.org/whatwg-fetch/download/whatwg-fetch-3.0.0.tgz#fc804e458cc460009b1a2b966bc8817d2578aefb"
  integrity sha1-/IBORYzEYACbGiuWa8iBfSV4rvs=

wrappy@1:
  version "1.0.2"
  resolved "https://registry.npm.taobao.org/wrappy/download/wrappy-1.0.2.tgz#b5243d8f3ec1aa35f1364605bc0d1036e30ab69f"
  integrity sha1-tSQ9jz7BqjXxNkYFvA0QNuMKtp8=

ws@~6.0.0:
  version "6.0.0"
  resolved "https://registry.npm.taobao.org/ws/download/ws-6.0.0.tgz#eaa494aded00ac4289d455bac8d84c7c651cef35"
  integrity sha1-6qSUre0ArEKJ1FW6yNhMfGUc7zU=
  dependencies:
    async-limiter "~1.0.0"

xtend@^4.0.0:
  version "4.0.1"
  resolved "https://registry.npm.taobao.org/xtend/download/xtend-4.0.1.tgz#a5c6d532be656e23db820efb943a1f04998d63af"
  integrity sha1-pcbVMr5lbiPbgg77lDofBJmNY68=
